# Generated by Dagger. Pins the images and git refs this workspace uses.
# Any Dagger command may update this file; always commit it with your changes.
# Run `dagger workspace update` to refresh the pinned versions.
[["version","2"]]
["","git-latest",["github.com/dagger/go"],"refs/tags/v0.1.0"]
["","git-sha",["github.com/dagger/go","refs/tags/v0.1.0"],"0b68a41656546134aa6b5c0a439fd1ffcd2ecae9"]
["","oci-sha",["docker.io/library/golang:1.26-bookworm"],"sha256:a688600ca24f8a4d3ca77f95b0dd40704a9fc787c826660eb7ba0b641b8b175d"]